
Microsoft Visual Studio Solution File, Format Version 12.00
# Visual Studio Version 16
VisualStudioVersion = 16.0.30204.135
MinimumVisualStudioVersion = 10.0.40219.1
Project("{FAE04EC0-301F-11D3-BF4B-00C04F79EFBC}") = "TelephoneDiary", "TelephoneDiary.csproj", "{1BF5EDC1-7F6E-43B7-8095-A0DC051D0799}"
EndProject
Global
	GlobalSection(SolutionConfigurationPlatforms) = preSolution
		Debug|Any CPU = Debug|Any CPU
		Release|Any CPU = Release|Any CPU
	EndGlobalSection
	GlobalSection(ProjectConfigurationPlatforms) = postSolution
		{1BF5EDC1-7F6E-43B7-8095-A0DC051D0799}.Debug|Any CPU.ActiveCfg = Debug|Any CPU
		{1BF5EDC1-7F6E-43B7-8095-A0DC051D0799}.Debug|Any CPU.Build.0 = Debug|Any CPU
		{1BF5EDC1-7F6E-43B7-8095-A0DC051D0799}.Release|Any CPU.ActiveCfg = Release|Any CPU
		{1BF5EDC1-7F6E-43B7-8095-A0DC051D0799}.Release|Any CPU.Build.0 = Release|Any CPU
	EndGlobalSection
	GlobalSection(SolutionProperties) = preSolution
		HideSolutionNode = FALSE
	EndGlobalSection
	GlobalSection(ExtensibilityGlobals) = postSolution
		SolutionGuid = {129459CE-3916-4EF4-9BEF-A1E431B0A088}
	EndGlobalSection
EndGlobal
